
Microsoft Visual Studio Solution File, Format Version 12.00
# Visual Studio Version 17
VisualStudioVersion = 17.0.32126.317
MinimumVisualStudioVersion = 10.0.40219.1
Project("{FAE04EC0-301F-11D3-BF4B-00C04F79EFBC}") = "ToDoApp", "ToDoApp\ToDoApp.csproj", "{DC90D557-34D6-46DB-A293-88836B9BDB3E}"
EndProject
Global
	GlobalSection(SolutionConfigurationPlatforms) = preSolution
		Debug|Any CPU = Debug|Any CPU
		Release|Any CPU = Release|Any CPU
	EndGlobalSection
	GlobalSection(ProjectConfigurationPlatforms) = postSolution
		{DC90D557-34D6-46DB-A293-88836B9BDB3E}.Debug|Any CPU.ActiveCfg = Debug|Any CPU
		{DC90D557-34D6-46DB-A293-88836B9BDB3E}.Debug|Any CPU.Build.0 = Debug|Any CPU
		{DC90D557-34D6-46DB-A293-88836B9BDB3E}.Release|Any CPU.ActiveCfg = Release|Any CPU
		{DC90D557-34D6-46DB-A293-88836B9BDB3E}.Release|Any CPU.Build.0 = Release|Any CPU
	EndGlobalSection
	GlobalSection(SolutionProperties) = preSolution
		HideSolutionNode = FALSE
	EndGlobalSection
	GlobalSection(ExtensibilityGlobals) = postSolution
		SolutionGuid = {1ACC1B3D-426D-412D-A99C-DD6980AD9C9E}
	EndGlobalSection
EndGlobal
